// !$*UTF8*$!
{
	archiveVersion = 1;
	classes = {
	};
	objectVersion = 56;
	objects = {

/* Begin PBXBuildFile section */
		97ADC4BE2979972B003C8EAB /* nds_clientsApp.swift in Sources */ = {isa = PBXBuildFile; fileRef = 97ADC4BD2979972B003C8EAB /* nds_clientsApp.swift */; };
		97ADC4C02979972B003C8EAB /* ContentView.swift in Sources */ = {isa = PBXBuildFile; fileRef = 97ADC4BF2979972B003C8EAB /* ContentView.swift */; };
		97ADC4C22979972D003C8EAB /* Assets.xcassets in Resources */ = {isa = PBXBuildFile; fileRef = 97ADC4C12979972D003C8EAB /* Assets.xcassets */; };
		97ADC4C52979972D003C8EAB /* Preview Assets.xcassets in Resources */ = {isa = PBXBuildFile; fileRef = 97ADC4C42979972D003C8EAB /* Preview Assets.xcassets */; };
		97ADC4C72979972D003C8EAB /* Persistence.swift in Sources */ = {isa = PBXBuildFile; fileRef = 97ADC4C62979972D003C8EAB /* Persistence.swift */; };
		97ADC4CA2979972D003C8EAB /* nds_clients.xcdatamodeld in Sources */ = {isa = PBXBuildFile; fileRef = 97ADC4C82979972D003C8EAB /* nds_clients.xcdatamodeld */; };
		97ADC4D32979A5D2003C8EAB /* Collections in Frameworks */ = {isa = PBXBuildFile; productRef = 97ADC4D22979A5D2003C8EAB /* Collections */; };
		97ADC4D52979A5D2003C8EAB /* DequeModule in Frameworks */ = {isa = PBXBuildFile; productRef = 97ADC4D42979A5D2003C8EAB /* DequeModule */; };
		97ADC4D72979A5D2003C8EAB /* OrderedCollections in Frameworks */ = {isa = PBXBuildFile; productRef = 97ADC4D62979A5D2003C8EAB /* OrderedCollections */; };
/* End PBXBuildFile section */

/* Begin PBXFileReference section */
		97ADC4BA2979972B003C8EAB /* nds-clients.app */ = {isa = PBXFileReference; explicitFileType = wrapper.application; includeInIndex = 0; path = "nds-clients.app"; sourceTree = BUILT_PRODUCTS_DIR; };
		97ADC4BD2979972B003C8EAB /* nds_clientsApp.swift */ = {isa = PBXFileReference; lastKnownFileType = sourcecode.swift; path = nds_clientsApp.swift; sourceTree = "<group>"; };
		97ADC4BF2979972B003C8EAB /* ContentView.swift */ = {isa = PBXFileReference; lastKnownFileType = sourcecode.swift; path = ContentView.swift; sourceTree = "<group>"; };
		97ADC4C12979972D003C8EAB /* Assets.xcassets */ = {isa = PBXFileReference; lastKnownFileType = folder.assetcatalog; path = Assets.xcassets; sourceTree = "<group>"; };
		97ADC4C42979972D003C8EAB /* Preview Assets.xcassets */ = {isa = PBXFileReference; lastKnownFileType = folder.assetcatalog; path = "Preview Assets.xcassets"; sourceTree = "<group>"; };
		97ADC4C62979972D003C8EAB /* Persistence.swift */ = {isa = PBXFileReference; lastKnownFileType = sourcecode.swift; path = Persistence.swift; sourceTree = "<group>"; };
		97ADC4C92979972D003C8EAB /* nds_clients.xcdatamodel */ = {isa = PBXFileReference; lastKnownFileType = wrapper.xcdatamodel; path = nds_clients.xcdatamodel; sourceTree = "<group>"; };
		97ADC4CB2979972D003C8EAB /* Info.plist */ = {isa = PBXFileReference; lastKnownFileType = text.plist.xml; path = Info.plist; sourceTree = "<group>"; };
/* End PBXFileReference section */

/* Begin PBXFrameworksBuildPhase section */
		97ADC4B72979972B003C8EAB /* Frameworks */ = {
			isa = PBXFrameworksBuildPhase;
			buildActionMask = 2147483647;
			files = (
				97ADC4D32979A5D2003C8EAB /* Collections in Frameworks */,
				97ADC4D52979A5D2003C8EAB /* DequeModule in Frameworks */,
				97ADC4D72979A5D2003C8EAB /* OrderedCollections in Frameworks */,
			);
			runOnlyForDeploymentPostprocessing = 0;
		};
/* End PBXFrameworksBuildPhase section */

/* Begin PBXGroup section */
		97ADC4B12979972B003C8EAB = {
			isa = PBXGroup;
			children = (
				97ADC4BC2979972B003C8EAB /* nds-clients */,
				97ADC4BB2979972B003C8EAB /* Products */,
			);
			sourceTree = "<group>";
		};
		97ADC4BB2979972B003C8EAB /* Products */ = {
			isa = PBXGroup;
			children = (
				97ADC4BA2979972B003C8EAB /* nds-clients.app */,
			);
			name = Products;
			sourceTree = "<group>";
		};
		97ADC4BC2979972B003C8EAB /* nds-clients */ = {
			isa = PBXGroup;
			children = (
				97ADC4BD2979972B003C8EAB /* nds_clientsApp.swift */,
				97ADC4BF2979972B003C8EAB /* ContentView.swift */,
				97ADC4C12979972D003C8EAB /* Assets.xcassets */,
				97ADC4C62979972D003C8EAB /* Persistence.swift */,
				97ADC4CB2979972D003C8EAB /* Info.plist */,
				97ADC4C82979972D003C8EAB /* nds_clients.xcdatamodeld */,
				97ADC4C32979972D003C8EAB /* Preview Content */,
			);
			path = "nds-clients";
			sourceTree = "<group>";
		};
		97ADC4C32979972D003C8EAB /* Preview Content */ = {
			isa = PBXGroup;
			children = (
				97ADC4C42979972D003C8EAB /* Preview Assets.xcassets */,
			);
			path = "Preview Content";
			sourceTree = "<group>";
		};
/* End PBXGroup section */

/* Begin PBXNativeTarget section */
		97ADC4B92979972B003C8EAB /* nds-clients */ = {
			isa = PBXNativeTarget;
			buildConfigurationList = 97ADC4CE2979972D003C8EAB /* Build configuration list for PBXNativeTarget "nds-clients" */;
			buildPhases = (
				97ADC4B62979972B003C8EAB /* Sources */,
				97ADC4B72979972B003C8EAB /* Frameworks */,
				97ADC4B82979972B003C8EAB /* Resources */,
			);
			buildRules = (
			);
			dependencies = (
			);
			name = "nds-clients";
			packageProductDependencies = (
				97ADC4D22979A5D2003C8EAB /* Collections */,
				97ADC4D42979A5D2003C8EAB /* DequeModule */,
				97ADC4D62979A5D2003C8EAB /* OrderedCollections */,
			);
			productName = "nds-clients";
			productReference = 97ADC4BA2979972B003C8EAB /* nds-clients.app */;
			productType = "com.apple.product-type.application";
		};
/* End PBXNativeTarget section */

/* Begin PBXProject section */
		97ADC4B22979972B003C8EAB /* Project object */ = {
			isa = PBXProject;
			attributes = {
				BuildIndependentTargetsInParallel = 1;
				LastSwiftUpdateCheck = 1410;
				LastUpgradeCheck = 1410;
				TargetAttributes = {
					97ADC4B92979972B003C8EAB = {
						CreatedOnToolsVersion = 14.1;
					};
				};
			};
			buildConfigurationList = 97ADC4B52979972B003C8EAB /* Build configuration list for PBXProject "nds-clients" */;
			compatibilityVersion = "Xcode 14.0";
			developmentRegion = en;
			hasScannedForEncodings = 0;
			knownRegions = (
				en,
				Base,
			);
			mainGroup = 97ADC4B12979972B003C8EAB;
			packageReferences = (
				97ADC4D12979A5D2003C8EAB /* XCRemoteSwiftPackageReference "swift-collections" */,
			);
			productRefGroup = 97ADC4BB2979972B003C8EAB /* Products */;
			projectDirPath = "";
			projectRoot = "";
			targets = (
				97ADC4B92979972B003C8EAB /* nds-clients */,
			);
		};
/* End PBXProject section */

/* Begin PBXResourcesBuildPhase section */
		97ADC4B82979972B003C8EAB /* Resources */ = {
			isa = PBXResourcesBuildPhase;
			buildActionMask = 2147483647;
			files = (
				97ADC4C52979972D003C8EAB /* Preview Assets.xcassets in Resources */,
				97ADC4C22979972D003C8EAB /* Assets.xcassets in Resources */,
			);
			runOnlyForDeploymentPostprocessing = 0;
		};
/* End PBXResourcesBuildPhase section */

/* Begin PBXSourcesBuildPhase section */
		97ADC4B62979972B003C8EAB /* Sources */ = {
			isa = PBXSourcesBuildPhase;
			buildActionMask = 2147483647;
			files = (
				97ADC4C72979972D003C8EAB /* Persistence.swift in Sources */,
				97ADC4C02979972B003C8EAB /* ContentView.swift in Sources */,
				97ADC4CA2979972D003C8EAB /* nds_clients.xcdatamodeld in Sources */,
				97ADC4BE2979972B003C8EAB /* nds_clientsApp.swift in Sources */,
			);
			runOnlyForDeploymentPostprocessing = 0;
		};
/* End PBXSourcesBuildPhase section */

/* Begin XCBuildConfiguration section */
		97ADC4CC2979972D003C8EAB /* Debug */ = {
			isa = XCBuildConfiguration;
			buildSettings = {
				ALLOW_TARGET_PLATFORM_SPECIALIZATION = YES;
				ALWAYS_EMBED_SWIFT_STANDARD_LIBRARIES = YES;
				ALWAYS_SEARCH_USER_PATHS = NO;
				BUILD_LIBRARY_FOR_DISTRIBUTION = YES;
				CLANG_ANALYZER_NONNULL = YES;
				CLANG_ANALYZER_NUMBER_OBJECT_CONVERSION = YES_AGGRESSIVE;
				CLANG_CXX_LANGUAGE_STANDARD = "gnu++20";
				CLANG_ENABLE_MODULES = YES;
				CLANG_ENABLE_OBJC_ARC = YES;
				CLANG_ENABLE_OBJC_WEAK = YES;
				CLANG_WARN_BLOCK_CAPTURE_AUTORELEASING = YES;
				CLANG_WARN_BOOL_CONVERSION = YES;
				CLANG_WARN_COMMA = YES;
				CLANG_WARN_CONSTANT_CONVERSION = YES;
				CLANG_WARN_DEPRECATED_OBJC_IMPLEMENTATIONS = YES;
				CLANG_WARN_DIRECT_OBJC_ISA_USAGE = YES_ERROR;
				CLANG_WARN_DOCUMENTATION_COMMENTS = YES;
				CLANG_WARN_EMPTY_BODY = YES;
				CLANG_WARN_ENUM_CONVERSION = YES;
				CLANG_WARN_INFINITE_RECURSION = YES;
				CLANG_WARN_INT_CONVERSION = YES;
				CLANG_WARN_NON_LITERAL_NULL_CONVERSION = YES;
				CLANG_WARN_OBJC_IMPLICIT_RETAIN_SELF = YES;
				CLANG_WARN_OBJC_LITERAL_CONVERSION = YES;
				CLANG_WARN_OBJC_ROOT_CLASS = YES_ERROR;
				CLANG_WARN_QUOTED_INCLUDE_IN_FRAMEWORK_HEADER = YES;
				CLANG_WARN_RANGE_LOOP_ANALYSIS = YES;
				CLANG_WARN_STRICT_PROTOTYPES = YES;
				CLANG_WARN_SUSPICIOUS_MOVE = YES;
				CLANG_WARN_UNGUARDED_AVAILABILITY = YES_AGGRESSIVE;
				CLANG_WARN_UNREACHABLE_CODE = YES;
				CLANG_WARN__DUPLICATE_METHOD_MATCH = YES;
				COPY_PHASE_STRIP = NO;
				DEBUG_INFORMATION_FORMAT = dwarf;
				EMBED_ASSET_PACKS_IN_PRODUCT_BUNDLE = YES;
				ENABLE_ON_DEMAND_RESOURCES = YES;
				ENABLE_PREVIEWS = YES;
				ENABLE_STRICT_OBJC_MSGSEND = YES;
				ENABLE_TESTABILITY = YES;
				GCC_C_LANGUAGE_STANDARD = gnu11;
				GCC_DYNAMIC_NO_PIC = NO;
				GCC_NO_COMMON_BLOCKS = YES;
				GCC_OPTIMIZATION_LEVEL = 0;
				GCC_PREPROCESSOR_DEFINITIONS = (
					"DEBUG=1",
					"$(inherited)",
				);
				GCC_WARN_64_TO_32_BIT_CONVERSION = YES;
				GCC_WARN_ABOUT_RETURN_TYPE = YES_ERROR;
				GCC_WARN_UNDECLARED_SELECTOR = YES;
				GCC_WARN_UNINITIALIZED_AUTOS = YES_AGGRESSIVE;
				GCC_WARN_UNUSED_FUNCTION = YES;
				GCC_WARN_UNUSED_VARIABLE = YES;
				GENERATE_INFOPLIST_FILE = YES;
				GENERATE_PKGINFO_FILE = YES;
				INFOPLIST_KEY_CFBundleDisplayName = "NDS Clients";
				INFOPLIST_KEY_LSApplicationCategoryType = "public.app-category.business";
				INFOPLIST_KEY_NSBluetoothAlwaysUsageDescription = "";
				INFOPLIST_KEY_NSHumanReadableCopyright = "2023 Neher Data Systems";
				INFOPLIST_KEY_NSMainStoryboardFile = "";
				INFOPLIST_KEY_UIApplicationSceneManifest_Generation = YES;
				INFOPLIST_KEY_UILaunchScreen_Generation = YES;
				IPHONEOS_DEPLOYMENT_TARGET = 16.1;
				MTL_ENABLE_DEBUG_INFO = INCLUDE_SOURCE;
				MTL_FAST_MATH = YES;
				ONLY_ACTIVE_ARCH = YES;
				ON_DEMAND_RESOURCES_INITIAL_INSTALL_TAGS = "";
				SDKROOT = iphoneos;
				SWIFT_ACTIVE_COMPILATION_CONDITIONS = DEBUG;
				SWIFT_OPTIMIZATION_LEVEL = "-Onone";
			};
			name = Debug;
		};
		97ADC4CD2979972D003C8EAB /* Release */ = {
			isa = XCBuildConfiguration;
			buildSettings = {
				ALLOW_TARGET_PLATFORM_SPECIALIZATION = YES;
				ALWAYS_EMBED_SWIFT_STANDARD_LIBRARIES = YES;
				ALWAYS_SEARCH_USER_PATHS = NO;
				BUILD_LIBRARY_FOR_DISTRIBUTION = YES;
				CLANG_ANALYZER_NONNULL = YES;
				CLANG_ANALYZER_NUMBER_OBJECT_CONVERSION = YES_AGGRESSIVE;
				CLANG_CXX_LANGUAGE_STANDARD = "gnu++20";
				CLANG_ENABLE_MODULES = YES;
				CLANG_ENABLE_OBJC_ARC = YES;
				CLANG_ENABLE_OBJC_WEAK = YES;
				CLANG_WARN_BLOCK_CAPTURE_AUTORELEASING = YES;
				CLANG_WARN_BOOL_CONVERSION = YES;
				CLANG_WARN_COMMA = YES;
				CLANG_WARN_CONSTANT_CONVERSION = YES;
				CLANG_WARN_DEPRECATED_OBJC_IMPLEMENTATIONS = YES;
				CLANG_WARN_DIRECT_OBJC_ISA_USAGE = YES_ERROR;
				CLANG_WARN_DOCUMENTATION_COMMENTS = YES;
				CLANG_WARN_EMPTY_BODY = YES;
				CLANG_WARN_ENUM_CONVERSION = YES;
				CLANG_WARN_INFINITE_RECURSION = YES;
				CLANG_WARN_INT_CONVERSION = YES;
				CLANG_WARN_NON_LITERAL_NULL_CONVERSION = YES;
				CLANG_WARN_OBJC_IMPLICIT_RETAIN_SELF = YES;
				CLANG_WARN_OBJC_LITERAL_CONVERSION = YES;
				CLANG_WARN_OBJC_ROOT_CLASS = YES_ERROR;
				CLANG_WARN_QUOTED_INCLUDE_IN_FRAMEWORK_HEADER = YES;
				CLANG_WARN_RANGE_LOOP_ANALYSIS = YES;
				CLANG_WARN_STRICT_PROTOTYPES = YES;
				CLANG_WARN_SUSPICIOUS_MOVE = YES;
				CLANG_WARN_UNGUARDED_AVAILABILITY = YES_AGGRESSIVE;
				CLANG_WARN_UNREACHABLE_CODE = YES;
				CLANG_WARN__DUPLICATE_METHOD_MATCH = YES;
				COPY_PHASE_STRIP = NO;
				DEBUG_INFORMATION_FORMAT = "dwarf-with-dsym";
				EMBED_ASSET_PACKS_IN_PRODUCT_BUNDLE = YES;
				ENABLE_NS_ASSERTIONS = NO;
				ENABLE_ON_DEMAND_RESOURCES = YES;
				ENABLE_PREVIEWS = YES;
				ENABLE_STRICT_OBJC_MSGSEND = YES;
				GCC_C_LANGUAGE_STANDARD = gnu11;
				GCC_NO_COMMON_BLOCKS = YES;
				GCC_WARN_64_TO_32_BIT_CONVERSION = YES;
				GCC_WARN_ABOUT_RETURN_TYPE = YES_ERROR;
				GCC_WARN_UNDECLARED_SELECTOR = YES;
				GCC_WARN_UNINITIALIZED_AUTOS = YES_AGGRESSIVE;
				GCC_WARN_UNUSED_FUNCTION = YES;
				GCC_WARN_UNUSED_VARIABLE = YES;
				GENERATE_INFOPLIST_FILE = YES;
				GENERATE_PKGINFO_FILE = YES;
				INFOPLIST_KEY_CFBundleDisplayName = "NDS Clients";
				INFOPLIST_KEY_LSApplicationCategoryType = "public.app-category.business";
				INFOPLIST_KEY_NSBluetoothAlwaysUsageDescription = "";
				INFOPLIST_KEY_NSHumanReadableCopyright = "2023 Neher Data Systems";
				INFOPLIST_KEY_NSMainStoryboardFile = "";
				INFOPLIST_KEY_UIApplicationSceneManifest_Generation = YES;
				INFOPLIST_KEY_UILaunchScreen_Generation = YES;
				IPHONEOS_DEPLOYMENT_TARGET = 16.1;
				MTL_ENABLE_DEBUG_INFO = NO;
				MTL_FAST_MATH = YES;
				ONLY_ACTIVE_ARCH = YES;
				ON_DEMAND_RESOURCES_INITIAL_INSTALL_TAGS = "";
				SDKROOT = iphoneos;
				SWIFT_COMPILATION_MODE = wholemodule;
				SWIFT_OPTIMIZATION_LEVEL = "-O";
				VALIDATE_PRODUCT = YES;
			};
			name = Release;
		};
		97ADC4CF2979972D003C8EAB /* Debug */ = {
			isa = XCBuildConfiguration;
			buildSettings = {
				ASSETCATALOG_COMPILER_APPICON_NAME = AppIcon;
				ASSETCATALOG_COMPILER_GLOBAL_ACCENT_COLOR_NAME = AccentColor;
				ASSETCATALOG_COMPILER_INCLUDE_ALL_APPICON_ASSETS = YES;
				CODE_SIGN_STYLE = Automatic;
				CURRENT_PROJECT_VERSION = 1;
				DEVELOPMENT_ASSET_PATHS = "\"nds-clients/Preview Content\"";
				DEVELOPMENT_TEAM = 7QAM3LGSSC;
				ENABLE_PREVIEWS = YES;
				GENERATE_INFOPLIST_FILE = YES;
				INFOPLIST_FILE = "nds-clients/Info.plist";
				INFOPLIST_KEY_CFBundleDisplayName = "NDS Clients";
				INFOPLIST_KEY_LSApplicationCategoryType = "public.app-category.business";
				INFOPLIST_KEY_NSBluetoothAlwaysUsageDescription = "";
				INFOPLIST_KEY_NSHumanReadableCopyright = "2023 Neher Data Systems";
				INFOPLIST_KEY_NSMainStoryboardFile = "";
				INFOPLIST_KEY_UIApplicationSceneManifest_Generation = YES;
				INFOPLIST_KEY_UIApplicationSupportsIndirectInputEvents = YES;
				INFOPLIST_KEY_UILaunchScreen_Generation = YES;
				INFOPLIST_KEY_UISupportedInterfaceOrientations_iPad = "";
				INFOPLIST_KEY_UISupportedInterfaceOrientations_iPhone = "UIInterfaceOrientationPortrait UIInterfaceOrientationLandscapeLeft UIInterfaceOrientationLandscapeRight";
				LD_RUNPATH_SEARCH_PATHS = (
					"$(inherited)",
					"@executable_path/Frameworks",
				);
				MARKETING_VERSION = 1.1;
				PRODUCT_BUNDLE_IDENTIFIER = "com.neherdata.nds-clients";
				PRODUCT_NAME = "$(TARGET_NAME)";
				SUPPORTED_PLATFORMS = "iphoneos iphonesimulator";
				SUPPORTS_MACCATALYST = NO;
				SUPPORTS_MAC_DESIGNED_FOR_IPHONE_IPAD = NO;
				SWIFT_EMIT_LOC_STRINGS = YES;
				SWIFT_VERSION = 5.0;
				TARGETED_DEVICE_FAMILY = 1;
			};
			name = Debug;
		};
		97ADC4D02979972D003C8EAB /* Release */ = {
			isa = XCBuildConfiguration;
			buildSettings = {
				ASSETCATALOG_COMPILER_APPICON_NAME = AppIcon;
				ASSETCATALOG_COMPILER_GLOBAL_ACCENT_COLOR_NAME = AccentColor;
				ASSETCATALOG_COMPILER_INCLUDE_ALL_APPICON_ASSETS = YES;
				CODE_SIGN_STYLE = Automatic;
				CURRENT_PROJECT_VERSION = 1;
				DEVELOPMENT_ASSET_PATHS = "\"nds-clients/Preview Content\"";
				DEVELOPMENT_TEAM = 7QAM3LGSSC;
				ENABLE_PREVIEWS = YES;
				GENERATE_INFOPLIST_FILE = YES;
				INFOPLIST_FILE = "nds-clients/Info.plist";
				INFOPLIST_KEY_CFBundleDisplayName = "NDS Clients";
				INFOPLIST_KEY_LSApplicationCategoryType = "public.app-category.business";
				INFOPLIST_KEY_NSBluetoothAlwaysUsageDescription = "";
				INFOPLIST_KEY_NSHumanReadableCopyright = "2023 Neher Data Systems";
				INFOPLIST_KEY_NSMainStoryboardFile = "";
				INFOPLIST_KEY_UIApplicationSceneManifest_Generation = YES;
				INFOPLIST_KEY_UIApplicationSupportsIndirectInputEvents = YES;
				INFOPLIST_KEY_UILaunchScreen_Generation = YES;
				INFOPLIST_KEY_UISupportedInterfaceOrientations_iPad = "";
				INFOPLIST_KEY_UISupportedInterfaceOrientations_iPhone = "UIInterfaceOrientationPortrait UIInterfaceOrientationLandscapeLeft UIInterfaceOrientationLandscapeRight";
				LD_RUNPATH_SEARCH_PATHS = (
					"$(inherited)",
					"@executable_path/Frameworks",
				);
				MARKETING_VERSION = 1.1;
				PRODUCT_BUNDLE_IDENTIFIER = "com.neherdata.nds-clients";
				PRODUCT_NAME = "$(TARGET_NAME)";
				SUPPORTED_PLATFORMS = "iphoneos iphonesimulator";
				SUPPORTS_MACCATALYST = NO;
				SUPPORTS_MAC_DESIGNED_FOR_IPHONE_IPAD = NO;
				SWIFT_EMIT_LOC_STRINGS = YES;
				SWIFT_VERSION = 5.0;
				TARGETED_DEVICE_FAMILY = 1;
			};
			name = Release;
		};
/* End XCBuildConfiguration section */

/* Begin XCConfigurationList section */
		97ADC4B52979972B003C8EAB /* Build configuration list for PBXProject "nds-clients" */ = {
			isa = XCConfigurationList;
			buildConfigurations = (
				97ADC4CC2979972D003C8EAB /* Debug */,
				97ADC4CD2979972D003C8EAB /* Release */,
			);
			defaultConfigurationIsVisible = 0;
			defaultConfigurationName = Release;
		};
		97ADC4CE2979972D003C8EAB /* Build configuration list for PBXNativeTarget "nds-clients" */ = {
			isa = XCConfigurationList;
			buildConfigurations = (
				97ADC4CF2979972D003C8EAB /* Debug */,
				97ADC4D02979972D003C8EAB /* Release */,
			);
			defaultConfigurationIsVisible = 0;
			defaultConfigurationName = Release;
		};
/* End XCConfigurationList section */

/* Begin XCRemoteSwiftPackageReference section */
		97ADC4D12979A5D2003C8EAB /* XCRemoteSwiftPackageReference "swift-collections" */ = {
			isa = XCRemoteSwiftPackageReference;
			repositoryURL = "https://github.com/apple/swift-collections.git";
			requirement = {
				kind = upToNextMajorVersion;
				minimumVersion = 1.0.0;
			};
		};
/* End XCRemoteSwiftPackageReference section */

/* Begin XCSwiftPackageProductDependency section */
		97ADC4D22979A5D2003C8EAB /* Collections */ = {
			isa = XCSwiftPackageProductDependency;
			package = 97ADC4D12979A5D2003C8EAB /* XCRemoteSwiftPackageReference "swift-collections" */;
			productName = Collections;
		};
		97ADC4D42979A5D2003C8EAB /* DequeModule */ = {
			isa = XCSwiftPackageProductDependency;
			package = 97ADC4D12979A5D2003C8EAB /* XCRemoteSwiftPackageReference "swift-collections" */;
			productName = DequeModule;
		};
		97ADC4D62979A5D2003C8EAB /* OrderedCollections */ = {
			isa = XCSwiftPackageProductDependency;
			package = 97ADC4D12979A5D2003C8EAB /* XCRemoteSwiftPackageReference "swift-collections" */;
			productName = OrderedCollections;
		};
/* End XCSwiftPackageProductDependency section */

/* Begin XCVersionGroup section */
		97ADC4C82979972D003C8EAB /* nds_clients.xcdatamodeld */ = {
			isa = XCVersionGroup;
			children = (
				97ADC4C92979972D003C8EAB /* nds_clients.xcdatamodel */,
			);
			currentVersion = 97ADC4C92979972D003C8EAB /* nds_clients.xcdatamodel */;
			path = nds_clients.xcdatamodeld;
			sourceTree = "<group>";
			versionGroupType = wrapper.xcdatamodel;
		};
/* End XCVersionGroup section */
	};
	rootObject = 97ADC4B22979972B003C8EAB /* Project object */;
}
